
Microsoft Visual Studio Solution File, Format Version 12.00
# Visual Studio Version 16
VisualStudioVersion = 16.0.29519.87
MinimumVisualStudioVersion = 10.0.40219.1
Project("{FAE04EC0-301F-11D3-BF4B-00C04F79EFBC}") = "ProjektTitsOI", "ProjektTitsOI.csproj", "{2A1747F1-5B33-4529-93EE-CE477B978BC8}"
EndProject
Global
	GlobalSection(SolutionConfigurationPlatforms) = preSolution
		Debug|Any CPU = Debug|Any CPU
		Release|Any CPU = Release|Any CPU
	EndGlobalSection
	GlobalSection(ProjectConfigurationPlatforms) = postSolution
		{2A1747F1-5B33-4529-93EE-CE477B978BC8}.Debug|Any CPU.ActiveCfg = Debug|Any CPU
		{2A1747F1-5B33-4529-93EE-CE477B978BC8}.Debug|Any CPU.Build.0 = Debug|Any CPU
		{2A1747F1-5B33-4529-93EE-CE477B978BC8}.Release|Any CPU.ActiveCfg = Release|Any CPU
		{2A1747F1-5B33-4529-93EE-CE477B978BC8}.Release|Any CPU.Build.0 = Release|Any CPU
	EndGlobalSection
	GlobalSection(SolutionProperties) = preSolution
		HideSolutionNode = FALSE
	EndGlobalSection
	GlobalSection(ExtensibilityGlobals) = postSolution
		SolutionGuid = {DFDC2071-FF4C-4045-B0DA-BC642C5D6D41}
	EndGlobalSection
EndGlobal
